
Microsoft Visual Studio Solution File, Format Version 12.00
# Visual Studio 2013
VisualStudioVersion = 12.0.31101.0
MinimumVisualStudioVersion = 10.0.40219.1
Project("{FAE04EC0-301F-11D3-BF4B-00C04F79EFBC}") = "Ticketing.Framework", "Ticketing.Framework\Ticketing.Framework.csproj", "{935CCA36-609B-46FC-B89C-7D25C1B25B93}"
EndProject
Project("{FAE04EC0-301F-11D3-BF4B-00C04F79EFBC}") = "Ticketing.Website", "..\Inetpub\Ticketing.Website\Ticketing.Website.csproj", "{83948E00-C8BA-4F10-AA9D-E8A80B151CF1}"
EndProject
Project("{2150E333-8FDC-42A3-9474-1A3956D46DE8}") = ".nuget", ".nuget", "{6C5E035D-ED1B-4107-A7B1-93D9009CF642}"
	ProjectSection(SolutionItems) = preProject
		.nuget\NuGet.Config = .nuget\NuGet.Config
		.nuget\NuGet.exe = .nuget\NuGet.exe
		.nuget\NuGet.targets = .nuget\NuGet.targets
	EndProjectSection
EndProject
Project("{FAE04EC0-301F-11D3-BF4B-00C04F79EFBC}") = "SpecFlowTests", "SpecFlowTests\SpecFlowTests.csproj", "{0BE9FC3A-18ED-4669-9DB3-2057BC9C9B4C}"
EndProject
Global
	GlobalSection(SolutionConfigurationPlatforms) = preSolution
		Debug|Any CPU = Debug|Any CPU
		Release|Any CPU = Release|Any CPU
	EndGlobalSection
	GlobalSection(ProjectConfigurationPlatforms) = postSolution
		{935CCA36-609B-46FC-B89C-7D25C1B25B93}.Debug|Any CPU.ActiveCfg = Debug|Any CPU
		{935CCA36-609B-46FC-B89C-7D25C1B25B93}.Debug|Any CPU.Build.0 = Debug|Any CPU
		{935CCA36-609B-46FC-B89C-7D25C1B25B93}.Release|Any CPU.ActiveCfg = Release|Any CPU
		{935CCA36-609B-46FC-B89C-7D25C1B25B93}.Release|Any CPU.Build.0 = Release|Any CPU
		{83948E00-C8BA-4F10-AA9D-E8A80B151CF1}.Debug|Any CPU.ActiveCfg = Debug|Any CPU
		{83948E00-C8BA-4F10-AA9D-E8A80B151CF1}.Debug|Any CPU.Build.0 = Debug|Any CPU
		{83948E00-C8BA-4F10-AA9D-E8A80B151CF1}.Release|Any CPU.ActiveCfg = Release|Any CPU
		{83948E00-C8BA-4F10-AA9D-E8A80B151CF1}.Release|Any CPU.Build.0 = Release|Any CPU
		{0BE9FC3A-18ED-4669-9DB3-2057BC9C9B4C}.Debug|Any CPU.ActiveCfg = Debug|Any CPU
		{0BE9FC3A-18ED-4669-9DB3-2057BC9C9B4C}.Debug|Any CPU.Build.0 = Debug|Any CPU
		{0BE9FC3A-18ED-4669-9DB3-2057BC9C9B4C}.Release|Any CPU.ActiveCfg = Release|Any CPU
		{0BE9FC3A-18ED-4669-9DB3-2057BC9C9B4C}.Release|Any CPU.Build.0 = Release|Any CPU
	EndGlobalSection
	GlobalSection(SolutionProperties) = preSolution
		HideSolutionNode = FALSE
	EndGlobalSection
EndGlobal
